
Microsoft Visual Studio Solution File, Format Version 12.00
# Visual Studio Version 17
VisualStudioVersion = 17.1.32328.378
MinimumVisualStudioVersion = 10.0.40219.1
Project("{9A19103F-16F7-4668-BE54-9A1E7A4F7556}") = "Questao5", "Questao5.csproj", "{964B8909-58A2-4617-90CB-BA04F62CED0B}"
EndProject
Global
	GlobalSection(SolutionConfigurationPlatforms) = preSolution
		Debug|Any CPU = Debug|Any CPU
		Release|Any CPU = Release|Any CPU
	EndGlobalSection
	GlobalSection(ProjectConfigurationPlatforms) = postSolution
		{964B8909-58A2-4617-90CB-BA04F62CED0B}.Debug|Any CPU.ActiveCfg = Debug|Any CPU
		{964B8909-58A2-4617-90CB-BA04F62CED0B}.Debug|Any CPU.Build.0 = Debug|Any CPU
		{964B8909-58A2-4617-90CB-BA04F62CED0B}.Release|Any CPU.ActiveCfg = Release|Any CPU
		{964B8909-58A2-4617-90CB-BA04F62CED0B}.Release|Any CPU.Build.0 = Release|Any CPU
	EndGlobalSection
	GlobalSection(SolutionProperties) = preSolution
		HideSolutionNode = FALSE
	EndGlobalSection
	GlobalSection(ExtensibilityGlobals) = postSolution
		SolutionGuid = {BAB0F29D-77B7-44FE-89DE-47098EA9045C}
	EndGlobalSection
EndGlobal
